
Microsoft Visual Studio Solution File, Format Version 11.00
# Visual Studio 2010
Project("{FAE04EC0-301F-11D3-BF4B-00C04F79EFBC}") = "UnityEngine.TestRunner", "UnityEngine.TestRunner.csproj", "{7b802e0b-5ee6-06a7-5c80-3f0823f3899a}"
EndProject
Project("{FAE04EC0-301F-11D3-BF4B-00C04F79EFBC}") = "Unity.VisualScripting.Flow", "Unity.VisualScripting.Flow.csproj", "{037bee28-edbe-ec2d-1f3c-5a5fe8f910ed}"
EndProject
Project("{FAE04EC0-301F-11D3-BF4B-00C04F79EFBC}") = "Unity.VisualScripting.Core", "Unity.VisualScripting.Core.csproj", "{b2180793-99e3-f25f-0b2f-66fe3e3ebef9}"
EndProject
Project("{FAE04EC0-301F-11D3-BF4B-00C04F79EFBC}") = "Unity.TextMeshPro", "Unity.TextMeshPro.csproj", "{fa897c4b-ae25-ca6e-686b-74d75fc59008}"
EndProject
Project("{FAE04EC0-301F-11D3-BF4B-00C04F79EFBC}") = "Unity.Timeline", "Unity.Timeline.csproj", "{67f8498c-f217-d87f-bb6b-b1a1bfaffe8b}"
EndProject
Project("{FAE04EC0-301F-11D3-BF4B-00C04F79EFBC}") = "Unity.VisualScripting.State", "Unity.VisualScripting.State.csproj", "{dd7e654c-a8ae-db20-a333-3ad58741a2a7}"
EndProject
Project("{FAE04EC0-301F-11D3-BF4B-00C04F79EFBC}") = "Unity.VisualScripting.Flow.Editor", "Unity.VisualScripting.Flow.Editor.csproj", "{13bc2d50-9241-1fd8-26e8-79f35134a512}"
EndProject
Project("{FAE04EC0-301F-11D3-BF4B-00C04F79EFBC}") = "UnityEditor.TestRunner", "UnityEditor.TestRunner.csproj", "{73c278da-7160-e553-e03e-dd4fd0e04989}"
EndProject
Project("{FAE04EC0-301F-11D3-BF4B-00C04F79EFBC}") = "Unity.VisualScripting.Core.Editor", "Unity.VisualScripting.Core.Editor.csproj", "{2a62566e-3ba7-d20a-b23b-138fea1fc372}"
EndProject
Project("{FAE04EC0-301F-11D3-BF4B-00C04F79EFBC}") = "Unity.VisualStudio.Editor", "Unity.VisualStudio.Editor.csproj", "{816b00d9-a805-6554-baf7-ab7efb851bf1}"
EndProject
Project("{FAE04EC0-301F-11D3-BF4B-00C04F79EFBC}") = "Unity.TextMeshPro.Editor", "Unity.TextMeshPro.Editor.csproj", "{de8910fd-520f-a774-b7ac-812e0bc39edd}"
EndProject
Project("{FAE04EC0-301F-11D3-BF4B-00C04F79EFBC}") = "Unity.Timeline.Editor", "Unity.Timeline.Editor.csproj", "{ef1206a1-e909-e379-eb9e-33f7bf05478b}"
EndProject
Project("{FAE04EC0-301F-11D3-BF4B-00C04F79EFBC}") = "Unity.PlasticSCM.Editor", "Unity.PlasticSCM.Editor.csproj", "{dd204891-51ba-e2d8-71aa-69422a52efba}"
EndProject
Project("{FAE04EC0-301F-11D3-BF4B-00C04F79EFBC}") = "Unity.CollabProxy.Editor", "Unity.CollabProxy.Editor.csproj", "{814eba31-3f59-8a66-cdbf-d3a3c363f82b}"
EndProject
Project("{FAE04EC0-301F-11D3-BF4B-00C04F79EFBC}") = "Unity.Rider.Editor", "Unity.Rider.Editor.csproj", "{eaa70976-74cb-de3a-a912-591b6cea5f02}"
EndProject
Project("{FAE04EC0-301F-11D3-BF4B-00C04F79EFBC}") = "Unity.VisualScripting.State.Editor", "Unity.VisualScripting.State.Editor.csproj", "{31b252dc-1d3f-3d06-6fa5-a7aaa0b0925d}"
EndProject
Project("{FAE04EC0-301F-11D3-BF4B-00C04F79EFBC}") = "Unity.Services.Core.Editor", "Unity.Services.Core.Editor.csproj", "{19a84093-c1ea-6683-97c7-2a071f937f9c}"
EndProject
Project("{FAE04EC0-301F-11D3-BF4B-00C04F79EFBC}") = "Unity.VSCode.Editor", "Unity.VSCode.Editor.csproj", "{198b0609-4b54-c5f0-8c5e-b942256b3943}"
EndProject
Project("{FAE04EC0-301F-11D3-BF4B-00C04F79EFBC}") = "Unity.VisualScripting.SettingsProvider.Editor", "Unity.VisualScripting.SettingsProvider.Editor.csproj", "{7fcfaa14-8748-a942-186d-cb90f81c05ae}"
EndProject
Project("{FAE04EC0-301F-11D3-BF4B-00C04F79EFBC}") = "Unity.SysrootPackage.Editor", "Unity.SysrootPackage.Editor.csproj", "{21c3c91b-eb29-6b2b-3b0e-d760a5edfe2d}"
EndProject
Project("{FAE04EC0-301F-11D3-BF4B-00C04F79EFBC}") = "Unity.Sysroot.Linux_x86_64", "Unity.Sysroot.Linux_x86_64.csproj", "{8d312de1-1055-9020-dcea-ec17ed15dbca}"
EndProject
Project("{FAE04EC0-301F-11D3-BF4B-00C04F79EFBC}") = "Unity.VisualScripting.Shared.Editor", "Unity.VisualScripting.Shared.Editor.csproj", "{855587cb-3744-35c1-af6f-99980584e3b0}"
EndProject
Project("{FAE04EC0-301F-11D3-BF4B-00C04F79EFBC}") = "Unity.Toolchain.Macos-x86_64-Linux-x86_64", "Unity.Toolchain.Macos-x86_64-Linux-x86_64.csproj", "{2ede414b-5e1e-6e25-bca9-d952bc67f4e2}"
EndProject
Global
	GlobalSection(SolutionConfigurationPlatforms) = preSolution
		Debug|Any CPU = Debug|Any CPU
	EndGlobalSection
	GlobalSection(ProjectConfigurationPlatforms) = postSolution
		{7b802e0b-5ee6-06a7-5c80-3f0823f3899a}.Debug|Any CPU.ActiveCfg = Debug|Any CPU
		{7b802e0b-5ee6-06a7-5c80-3f0823f3899a}.Debug|Any CPU.Build.0 = Debug|Any CPU
		{037bee28-edbe-ec2d-1f3c-5a5fe8f910ed}.Debug|Any CPU.ActiveCfg = Debug|Any CPU
		{037bee28-edbe-ec2d-1f3c-5a5fe8f910ed}.Debug|Any CPU.Build.0 = Debug|Any CPU
		{b2180793-99e3-f25f-0b2f-66fe3e3ebef9}.Debug|Any CPU.ActiveCfg = Debug|Any CPU
		{b2180793-99e3-f25f-0b2f-66fe3e3ebef9}.Debug|Any CPU.Build.0 = Debug|Any CPU
		{fa897c4b-ae25-ca6e-686b-74d75fc59008}.Debug|Any CPU.ActiveCfg = Debug|Any CPU
		{fa897c4b-ae25-ca6e-686b-74d75fc59008}.Debug|Any CPU.Build.0 = Debug|Any CPU
		{67f8498c-f217-d87f-bb6b-b1a1bfaffe8b}.Debug|Any CPU.ActiveCfg = Debug|Any CPU
		{67f8498c-f217-d87f-bb6b-b1a1bfaffe8b}.Debug|Any CPU.Build.0 = Debug|Any CPU
		{dd7e654c-a8ae-db20-a333-3ad58741a2a7}.Debug|Any CPU.ActiveCfg = Debug|Any CPU
		{dd7e654c-a8ae-db20-a333-3ad58741a2a7}.Debug|Any CPU.Build.0 = Debug|Any CPU
		{13bc2d50-9241-1fd8-26e8-79f35134a512}.Debug|Any CPU.ActiveCfg = Debug|Any CPU
		{13bc2d50-9241-1fd8-26e8-79f35134a512}.Debug|Any CPU.Build.0 = Debug|Any CPU
		{73c278da-7160-e553-e03e-dd4fd0e04989}.Debug|Any CPU.ActiveCfg = Debug|Any CPU
		{73c278da-7160-e553-e03e-dd4fd0e04989}.Debug|Any CPU.Build.0 = Debug|Any CPU
		{2a62566e-3ba7-d20a-b23b-138fea1fc372}.Debug|Any CPU.ActiveCfg = Debug|Any CPU
		{2a62566e-3ba7-d20a-b23b-138fea1fc372}.Debug|Any CPU.Build.0 = Debug|Any CPU
		{816b00d9-a805-6554-baf7-ab7efb851bf1}.Debug|Any CPU.ActiveCfg = Debug|Any CPU
		{816b00d9-a805-6554-baf7-ab7efb851bf1}.Debug|Any CPU.Build.0 = Debug|Any CPU
		{de8910fd-520f-a774-b7ac-812e0bc39edd}.Debug|Any CPU.ActiveCfg = Debug|Any CPU
		{de8910fd-520f-a774-b7ac-812e0bc39edd}.Debug|Any CPU.Build.0 = Debug|Any CPU
		{ef1206a1-e909-e379-eb9e-33f7bf05478b}.Debug|Any CPU.ActiveCfg = Debug|Any CPU
		{ef1206a1-e909-e379-eb9e-33f7bf05478b}.Debug|Any CPU.Build.0 = Debug|Any CPU
		{dd204891-51ba-e2d8-71aa-69422a52efba}.Debug|Any CPU.ActiveCfg = Debug|Any CPU
		{dd204891-51ba-e2d8-71aa-69422a52efba}.Debug|Any CPU.Build.0 = Debug|Any CPU
		{814eba31-3f59-8a66-cdbf-d3a3c363f82b}.Debug|Any CPU.ActiveCfg = Debug|Any CPU
		{814eba31-3f59-8a66-cdbf-d3a3c363f82b}.Debug|Any CPU.Build.0 = Debug|Any CPU
		{eaa70976-74cb-de3a-a912-591b6cea5f02}.Debug|Any CPU.ActiveCfg = Debug|Any CPU
		{eaa70976-74cb-de3a-a912-591b6cea5f02}.Debug|Any CPU.Build.0 = Debug|Any CPU
		{31b252dc-1d3f-3d06-6fa5-a7aaa0b0925d}.Debug|Any CPU.ActiveCfg = Debug|Any CPU
		{31b252dc-1d3f-3d06-6fa5-a7aaa0b0925d}.Debug|Any CPU.Build.0 = Debug|Any CPU
		{19a84093-c1ea-6683-97c7-2a071f937f9c}.Debug|Any CPU.ActiveCfg = Debug|Any CPU
		{19a84093-c1ea-6683-97c7-2a071f937f9c}.Debug|Any CPU.Build.0 = Debug|Any CPU
		{198b0609-4b54-c5f0-8c5e-b942256b3943}.Debug|Any CPU.ActiveCfg = Debug|Any CPU
		{198b0609-4b54-c5f0-8c5e-b942256b3943}.Debug|Any CPU.Build.0 = Debug|Any CPU
		{7fcfaa14-8748-a942-186d-cb90f81c05ae}.Debug|Any CPU.ActiveCfg = Debug|Any CPU
		{7fcfaa14-8748-a942-186d-cb90f81c05ae}.Debug|Any CPU.Build.0 = Debug|Any CPU
		{21c3c91b-eb29-6b2b-3b0e-d760a5edfe2d}.Debug|Any CPU.ActiveCfg = Debug|Any CPU
		{21c3c91b-eb29-6b2b-3b0e-d760a5edfe2d}.Debug|Any CPU.Build.0 = Debug|Any CPU
		{8d312de1-1055-9020-dcea-ec17ed15dbca}.Debug|Any CPU.ActiveCfg = Debug|Any CPU
		{8d312de1-1055-9020-dcea-ec17ed15dbca}.Debug|Any CPU.Build.0 = Debug|Any CPU
		{855587cb-3744-35c1-af6f-99980584e3b0}.Debug|Any CPU.ActiveCfg = Debug|Any CPU
		{855587cb-3744-35c1-af6f-99980584e3b0}.Debug|Any CPU.Build.0 = Debug|Any CPU
		{2ede414b-5e1e-6e25-bca9-d952bc67f4e2}.Debug|Any CPU.ActiveCfg = Debug|Any CPU
		{2ede414b-5e1e-6e25-bca9-d952bc67f4e2}.Debug|Any CPU.Build.0 = Debug|Any CPU
	EndGlobalSection
	GlobalSection(SolutionProperties) = preSolution
		HideSolutionNode = FALSE
	EndGlobalSection
EndGlobal
